
Microsoft Visual Studio Solution File, Format Version 12.00
# Visual Studio Version 17
VisualStudioVersion = 17.9.34622.214
MinimumVisualStudioVersion = 10.0.40219.1
Project("{FAE04EC0-301F-11D3-BF4B-00C04F79EFBC}") = "task3", "task3\task3.csproj", "{C2DE26F6-8A04-432F-AE52-A6ECCA51F366}"
EndProject
Global
	GlobalSection(SolutionConfigurationPlatforms) = preSolution
		Debug|Any CPU = Debug|Any CPU
		Release|Any CPU = Release|Any CPU
	EndGlobalSection
	GlobalSection(ProjectConfigurationPlatforms) = postSolution
		{C2DE26F6-8A04-432F-AE52-A6ECCA51F366}.Debug|Any CPU.ActiveCfg = Debug|Any CPU
		{C2DE26F6-8A04-432F-AE52-A6ECCA51F366}.Debug|Any CPU.Build.0 = Debug|Any CPU
		{C2DE26F6-8A04-432F-AE52-A6ECCA51F366}.Release|Any CPU.ActiveCfg = Release|Any CPU
		{C2DE26F6-8A04-432F-AE52-A6ECCA51F366}.Release|Any CPU.Build.0 = Release|Any CPU
	EndGlobalSection
	GlobalSection(SolutionProperties) = preSolution
		HideSolutionNode = FALSE
	EndGlobalSection
	GlobalSection(ExtensibilityGlobals) = postSolution
		SolutionGuid = {FF5DC933-214B-421A-ADB4-9D2D82AAEE27}
	EndGlobalSection
EndGlobal
